
Microsoft Visual Studio Solution File, Format Version 12.00
# Visual Studio Version 17
VisualStudioVersion = 17.0.31903.59
MinimumVisualStudioVersion = 10.0.40219.1
Project("{2150E333-8FDC-42A3-9474-1A3956D46DE8}") = "src", "src", "{827E0CD3-B72D-47B6-A68D-7590B98EB39B}"
EndProject
Project("{FAE04EC0-301F-11D3-BF4B-00C04F79EFBC}") = "ImprovByExample.Api", "src\ImprovByExample.Api\ImprovByExample.Api.csproj", "{F23EFA34-7ECC-4E50-93C6-4E284093CB3B}"
EndProject
Project("{FAE04EC0-301F-11D3-BF4B-00C04F79EFBC}") = "ImprovByExample.Web", "src\ImprovByExample.Web\ImprovByExample.Web.csproj", "{55BEC0EB-1968-4A57-80C1-783820977DB3}"
EndProject
Project("{FAE04EC0-301F-11D3-BF4B-00C04F79EFBC}") = "ImprovByExample.Application", "src\ImprovByExample.Application\ImprovByExample.Application.csproj", "{456A0996-5222-4DD2-BEF2-A755F16EDE02}"
EndProject
Project("{FAE04EC0-301F-11D3-BF4B-00C04F79EFBC}") = "ImprovByExample.Domain", "src\ImprovByExample.Domain\ImprovByExample.Domain.csproj", "{28123A18-DC2D-4D80-A3D7-8B56B73B4072}"
EndProject
Project("{FAE04EC0-301F-11D3-BF4B-00C04F79EFBC}") = "ImprovByExample.Infrastructure", "src\ImprovByExample.Infrastructure\ImprovByExample.Infrastructure.csproj", "{6BA7B816-48D0-4D0A-963E-9D7C0843E4CD}"
EndProject
Project("{2150E333-8FDC-42A3-9474-1A3956D46DE8}") = "tests", "tests", "{0AB3BF05-4346-4AA6-1389-037BE0695223}"
EndProject
Project("{FAE04EC0-301F-11D3-BF4B-00C04F79EFBC}") = "ImprovByExample.UnitTests", "tests\ImprovByExample.UnitTests\ImprovByExample.UnitTests.csproj", "{D7AFB993-D65E-4F0B-A399-B86A08C01BBD}"
EndProject
Project("{FAE04EC0-301F-11D3-BF4B-00C04F79EFBC}") = "ImprovByExample.IntegrationTests", "tests\ImprovByExample.IntegrationTests\ImprovByExample.IntegrationTests.csproj", "{56DAA395-514A-4A6E-9AF1-8D4B6AE7FA96}"
EndProject
Global
	GlobalSection(SolutionConfigurationPlatforms) = preSolution
		Debug|Any CPU = Debug|Any CPU
		Debug|x64 = Debug|x64
		Debug|x86 = Debug|x86
		Release|Any CPU = Release|Any CPU
		Release|x64 = Release|x64
		Release|x86 = Release|x86
	EndGlobalSection
	GlobalSection(ProjectConfigurationPlatforms) = postSolution
		{F23EFA34-7ECC-4E50-93C6-4E284093CB3B}.Debug|Any CPU.ActiveCfg = Debug|Any CPU
		{F23EFA34-7ECC-4E50-93C6-4E284093CB3B}.Debug|Any CPU.Build.0 = Debug|Any CPU
		{F23EFA34-7ECC-4E50-93C6-4E284093CB3B}.Debug|x64.ActiveCfg = Debug|Any CPU
		{F23EFA34-7ECC-4E50-93C6-4E284093CB3B}.Debug|x64.Build.0 = Debug|Any CPU
		{F23EFA34-7ECC-4E50-93C6-4E284093CB3B}.Debug|x86.ActiveCfg = Debug|Any CPU
		{F23EFA34-7ECC-4E50-93C6-4E284093CB3B}.Debug|x86.Build.0 = Debug|Any CPU
		{F23EFA34-7ECC-4E50-93C6-4E284093CB3B}.Release|Any CPU.ActiveCfg = Release|Any CPU
		{F23EFA34-7ECC-4E50-93C6-4E284093CB3B}.Release|Any CPU.Build.0 = Release|Any CPU
		{F23EFA34-7ECC-4E50-93C6-4E284093CB3B}.Release|x64.ActiveCfg = Release|Any CPU
		{F23EFA34-7ECC-4E50-93C6-4E284093CB3B}.Release|x64.Build.0 = Release|Any CPU
		{F23EFA34-7ECC-4E50-93C6-4E284093CB3B}.Release|x86.ActiveCfg = Release|Any CPU
		{F23EFA34-7ECC-4E50-93C6-4E284093CB3B}.Release|x86.Build.0 = Release|Any CPU
		{55BEC0EB-1968-4A57-80C1-783820977DB3}.Debug|Any CPU.ActiveCfg = Debug|Any CPU
		{55BEC0EB-1968-4A57-80C1-783820977DB3}.Debug|Any CPU.Build.0 = Debug|Any CPU
		{55BEC0EB-1968-4A57-80C1-783820977DB3}.Debug|x64.ActiveCfg = Debug|Any CPU
		{55BEC0EB-1968-4A57-80C1-783820977DB3}.Debug|x64.Build.0 = Debug|Any CPU
		{55BEC0EB-1968-4A57-80C1-783820977DB3}.Debug|x86.ActiveCfg = Debug|Any CPU
		{55BEC0EB-1968-4A57-80C1-783820977DB3}.Debug|x86.Build.0 = Debug|Any CPU
		{55BEC0EB-1968-4A57-80C1-783820977DB3}.Release|Any CPU.ActiveCfg = Release|Any CPU
		{55BEC0EB-1968-4A57-80C1-783820977DB3}.Release|Any CPU.Build.0 = Release|Any CPU
		{55BEC0EB-1968-4A57-80C1-783820977DB3}.Release|x64.ActiveCfg = Release|Any CPU
		{55BEC0EB-1968-4A57-80C1-783820977DB3}.Release|x64.Build.0 = Release|Any CPU
		{55BEC0EB-1968-4A57-80C1-783820977DB3}.Release|x86.ActiveCfg = Release|Any CPU
		{55BEC0EB-1968-4A57-80C1-783820977DB3}.Release|x86.Build.0 = Release|Any CPU
		{456A0996-5222-4DD2-BEF2-A755F16EDE02}.Debug|Any CPU.ActiveCfg = Debug|Any CPU
		{456A0996-5222-4DD2-BEF2-A755F16EDE02}.Debug|Any CPU.Build.0 = Debug|Any CPU
		{456A0996-5222-4DD2-BEF2-A755F16EDE02}.Debug|x64.ActiveCfg = Debug|Any CPU
		{456A0996-5222-4DD2-BEF2-A755F16EDE02}.Debug|x64.Build.0 = Debug|Any CPU
		{456A0996-5222-4DD2-BEF2-A755F16EDE02}.Debug|x86.ActiveCfg = Debug|Any CPU
		{456A0996-5222-4DD2-BEF2-A755F16EDE02}.Debug|x86.Build.0 = Debug|Any CPU
		{456A0996-5222-4DD2-BEF2-A755F16EDE02}.Release|Any CPU.ActiveCfg = Release|Any CPU
		{456A0996-5222-4DD2-BEF2-A755F16EDE02}.Release|Any CPU.Build.0 = Release|Any CPU
		{456A0996-5222-4DD2-BEF2-A755F16EDE02}.Release|x64.ActiveCfg = Release|Any CPU
		{456A0996-5222-4DD2-BEF2-A755F16EDE02}.Release|x64.Build.0 = Release|Any CPU
		{456A0996-5222-4DD2-BEF2-A755F16EDE02}.Release|x86.ActiveCfg = Release|Any CPU
		{456A0996-5222-4DD2-BEF2-A755F16EDE02}.Release|x86.Build.0 = Release|Any CPU
		{28123A18-DC2D-4D80-A3D7-8B56B73B4072}.Debug|Any CPU.ActiveCfg = Debug|Any CPU
		{28123A18-DC2D-4D80-A3D7-8B56B73B4072}.Debug|Any CPU.Build.0 = Debug|Any CPU
		{28123A18-DC2D-4D80-A3D7-8B56B73B4072}.Debug|x64.ActiveCfg = Debug|Any CPU
		{28123A18-DC2D-4D80-A3D7-8B56B73B4072}.Debug|x64.Build.0 = Debug|Any CPU
		{28123A18-DC2D-4D80-A3D7-8B56B73B4072}.Debug|x86.ActiveCfg = Debug|Any CPU
		{28123A18-DC2D-4D80-A3D7-8B56B73B4072}.Debug|x86.Build.0 = Debug|Any CPU
		{28123A18-DC2D-4D80-A3D7-8B56B73B4072}.Release|Any CPU.ActiveCfg = Release|Any CPU
		{28123A18-DC2D-4D80-A3D7-8B56B73B4072}.Release|Any CPU.Build.0 = Release|Any CPU
		{28123A18-DC2D-4D80-A3D7-8B56B73B4072}.Release|x64.ActiveCfg = Release|Any CPU
		{28123A18-DC2D-4D80-A3D7-8B56B73B4072}.Release|x64.Build.0 = Release|Any CPU
		{28123A18-DC2D-4D80-A3D7-8B56B73B4072}.Release|x86.ActiveCfg = Release|Any CPU
		{28123A18-DC2D-4D80-A3D7-8B56B73B4072}.Release|x86.Build.0 = Release|Any CPU
		{6BA7B816-48D0-4D0A-963E-9D7C0843E4CD}.Debug|Any CPU.ActiveCfg = Debug|Any CPU
		{6BA7B816-48D0-4D0A-963E-9D7C0843E4CD}.Debug|Any CPU.Build.0 = Debug|Any CPU
		{6BA7B816-48D0-4D0A-963E-9D7C0843E4CD}.Debug|x64.ActiveCfg = Debug|Any CPU
		{6BA7B816-48D0-4D0A-963E-9D7C0843E4CD}.Debug|x64.Build.0 = Debug|Any CPU
		{6BA7B816-48D0-4D0A-963E-9D7C0843E4CD}.Debug|x86.ActiveCfg = Debug|Any CPU
		{6BA7B816-48D0-4D0A-963E-9D7C0843E4CD}.Debug|x86.Build.0 = Debug|Any CPU
		{6BA7B816-48D0-4D0A-963E-9D7C0843E4CD}.Release|Any CPU.ActiveCfg = Release|Any CPU
		{6BA7B816-48D0-4D0A-963E-9D7C0843E4CD}.Release|Any CPU.Build.0 = Release|Any CPU
		{6BA7B816-48D0-4D0A-963E-9D7C0843E4CD}.Release|x64.ActiveCfg = Release|Any CPU
		{6BA7B816-48D0-4D0A-963E-9D7C0843E4CD}.Release|x64.Build.0 = Release|Any CPU
		{6BA7B816-48D0-4D0A-963E-9D7C0843E4CD}.Release|x86.ActiveCfg = Release|Any CPU
		{6BA7B816-48D0-4D0A-963E-9D7C0843E4CD}.Release|x86.Build.0 = Release|Any CPU
		{D7AFB993-D65E-4F0B-A399-B86A08C01BBD}.Debug|Any CPU.ActiveCfg = Debug|Any CPU
		{D7AFB993-D65E-4F0B-A399-B86A08C01BBD}.Debug|Any CPU.Build.0 = Debug|Any CPU
		{D7AFB993-D65E-4F0B-A399-B86A08C01BBD}.Debug|x64.ActiveCfg = Debug|Any CPU
		{D7AFB993-D65E-4F0B-A399-B86A08C01BBD}.Debug|x64.Build.0 = Debug|Any CPU
		{D7AFB993-D65E-4F0B-A399-B86A08C01BBD}.Debug|x86.ActiveCfg = Debug|Any CPU
		{D7AFB993-D65E-4F0B-A399-B86A08C01BBD}.Debug|x86.Build.0 = Debug|Any CPU
		{D7AFB993-D65E-4F0B-A399-B86A08C01BBD}.Release|Any CPU.ActiveCfg = Release|Any CPU
		{D7AFB993-D65E-4F0B-A399-B86A08C01BBD}.Release|Any CPU.Build.0 = Release|Any CPU
		{D7AFB993-D65E-4F0B-A399-B86A08C01BBD}.Release|x64.ActiveCfg = Release|Any CPU
		{D7AFB993-D65E-4F0B-A399-B86A08C01BBD}.Release|x64.Build.0 = Release|Any CPU
		{D7AFB993-D65E-4F0B-A399-B86A08C01BBD}.Release|x86.ActiveCfg = Release|Any CPU
		{D7AFB993-D65E-4F0B-A399-B86A08C01BBD}.Release|x86.Build.0 = Release|Any CPU
		{56DAA395-514A-4A6E-9AF1-8D4B6AE7FA96}.Debug|Any CPU.ActiveCfg = Debug|Any CPU
		{56DAA395-514A-4A6E-9AF1-8D4B6AE7FA96}.Debug|Any CPU.Build.0 = Debug|Any CPU
		{56DAA395-514A-4A6E-9AF1-8D4B6AE7FA96}.Debug|x64.ActiveCfg = Debug|Any CPU
		{56DAA395-514A-4A6E-9AF1-8D4B6AE7FA96}.Debug|x64.Build.0 = Debug|Any CPU
		{56DAA395-514A-4A6E-9AF1-8D4B6AE7FA96}.Debug|x86.ActiveCfg = Debug|Any CPU
		{56DAA395-514A-4A6E-9AF1-8D4B6AE7FA96}.Debug|x86.Build.0 = Debug|Any CPU
		{56DAA395-514A-4A6E-9AF1-8D4B6AE7FA96}.Release|Any CPU.ActiveCfg = Release|Any CPU
		{56DAA395-514A-4A6E-9AF1-8D4B6AE7FA96}.Release|Any CPU.Build.0 = Release|Any CPU
		{56DAA395-514A-4A6E-9AF1-8D4B6AE7FA96}.Release|x64.ActiveCfg = Release|Any CPU
		{56DAA395-514A-4A6E-9AF1-8D4B6AE7FA96}.Release|x64.Build.0 = Release|Any CPU
		{56DAA395-514A-4A6E-9AF1-8D4B6AE7FA96}.Release|x86.ActiveCfg = Release|Any CPU
		{56DAA395-514A-4A6E-9AF1-8D4B6AE7FA96}.Release|x86.Build.0 = Release|Any CPU
	EndGlobalSection
	GlobalSection(SolutionProperties) = preSolution
		HideSolutionNode = FALSE
	EndGlobalSection
	GlobalSection(NestedProjects) = preSolution
		{F23EFA34-7ECC-4E50-93C6-4E284093CB3B} = {827E0CD3-B72D-47B6-A68D-7590B98EB39B}
		{55BEC0EB-1968-4A57-80C1-783820977DB3} = {827E0CD3-B72D-47B6-A68D-7590B98EB39B}
		{456A0996-5222-4DD2-BEF2-A755F16EDE02} = {827E0CD3-B72D-47B6-A68D-7590B98EB39B}
		{28123A18-DC2D-4D80-A3D7-8B56B73B4072} = {827E0CD3-B72D-47B6-A68D-7590B98EB39B}
		{6BA7B816-48D0-4D0A-963E-9D7C0843E4CD} = {827E0CD3-B72D-47B6-A68D-7590B98EB39B}
		{D7AFB993-D65E-4F0B-A399-B86A08C01BBD} = {0AB3BF05-4346-4AA6-1389-037BE0695223}
		{56DAA395-514A-4A6E-9AF1-8D4B6AE7FA96} = {0AB3BF05-4346-4AA6-1389-037BE0695223}
	EndGlobalSection
EndGlobal
